// !$*UTF8*$!
{
	archiveVersion = 1;
	classes = {
	};
	objectVersion = 56;
	objects = {

/* Begin PBXBuildFile section */
		6BCE241B2CC6D14D00D04B0A /* AppDelegate.swift in Sources */ = {isa = PBXBuildFile; fileRef = 6BCE241A2CC6D14D00D04B0A /* AppDelegate.swift */; };
		6BCE241D2CC6D14D00D04B0A /* SceneDelegate.swift in Sources */ = {isa = PBXBuildFile; fileRef = 6BCE241C2CC6D14D00D04B0A /* SceneDelegate.swift */; };
		6BCE241F2CC6D14D00D04B0A /* MenuViewController.swift in Sources */ = {isa = PBXBuildFile; fileRef = 6BCE241E2CC6D14D00D04B0A /* MenuViewController.swift */; };
		6BCE24222CC6D14D00D04B0A /* Base in Resources */ = {isa = PBXBuildFile; fileRef = 6BCE24212CC6D14D00D04B0A /* Base */; };
		6BCE24252CC6D14D00D04B0A /* Hookah_workers.xcdatamodeld in Sources */ = {isa = PBXBuildFile; fileRef = 6BCE24232CC6D14D00D04B0A /* Hookah_workers.xcdatamodeld */; };
		6BCE24272CC6D14F00D04B0A /* Assets.xcassets in Resources */ = {isa = PBXBuildFile; fileRef = 6BCE24262CC6D14F00D04B0A /* Assets.xcassets */; };
		6BCE242A2CC6D14F00D04B0A /* Base in Resources */ = {isa = PBXBuildFile; fileRef = 6BCE24292CC6D14F00D04B0A /* Base */; };
		6BCE24342CC6D3A700D04B0A /* Font.swift in Sources */ = {isa = PBXBuildFile; fileRef = 6BCE24332CC6D3A700D04B0A /* Font.swift */; };
		6BCE243A2CC6D3E700D04B0A /* Montserrat-Regular.ttf in Resources */ = {isa = PBXBuildFile; fileRef = 6BCE24352CC6D3E600D04B0A /* Montserrat-Regular.ttf */; };
		6BCE243B2CC6D3E700D04B0A /* Montserrat-Medium.ttf in Resources */ = {isa = PBXBuildFile; fileRef = 6BCE24362CC6D3E700D04B0A /* Montserrat-Medium.ttf */; };
		6BCE243C2CC6D3E700D04B0A /* Montserrat-SemiBold.ttf in Resources */ = {isa = PBXBuildFile; fileRef = 6BCE24372CC6D3E700D04B0A /* Montserrat-SemiBold.ttf */; };
		6BCE243D2CC6D3E700D04B0A /* Montserrat-Bold.ttf in Resources */ = {isa = PBXBuildFile; fileRef = 6BCE24382CC6D3E700D04B0A /* Montserrat-Bold.ttf */; };
		6BCE243E2CC6D3E700D04B0A /* Montserrat-ExtraBold.ttf in Resources */ = {isa = PBXBuildFile; fileRef = 6BCE24392CC6D3E700D04B0A /* Montserrat-ExtraBold.ttf */; };
		6BCE24402CC6D83300D04B0A /* ViewController.swift in Sources */ = {isa = PBXBuildFile; fileRef = 6BCE243F2CC6D83300D04B0A /* ViewController.swift */; };
/* End PBXBuildFile section */

/* Begin PBXFileReference section */
		6BCE24172CC6D14D00D04B0A /* Hookah_workers.app */ = {isa = PBXFileReference; explicitFileType = wrapper.application; includeInIndex = 0; path = Hookah_workers.app; sourceTree = BUILT_PRODUCTS_DIR; };
		6BCE241A2CC6D14D00D04B0A /* AppDelegate.swift */ = {isa = PBXFileReference; lastKnownFileType = sourcecode.swift; path = AppDelegate.swift; sourceTree = "<group>"; };
		6BCE241C2CC6D14D00D04B0A /* SceneDelegate.swift */ = {isa = PBXFileReference; lastKnownFileType = sourcecode.swift; path = SceneDelegate.swift; sourceTree = "<group>"; };
		6BCE241E2CC6D14D00D04B0A /* MenuViewController.swift */ = {isa = PBXFileReference; lastKnownFileType = sourcecode.swift; path = MenuViewController.swift; sourceTree = "<group>"; };
		6BCE24212CC6D14D00D04B0A /* Base */ = {isa = PBXFileReference; lastKnownFileType = file.storyboard; name = Base; path = Base.lproj/Menu.storyboard; sourceTree = "<group>"; };
		6BCE24242CC6D14D00D04B0A /* Hookah_workers.xcdatamodel */ = {isa = PBXFileReference; lastKnownFileType = wrapper.xcdatamodel; path = Hookah_workers.xcdatamodel; sourceTree = "<group>"; };
		6BCE24262CC6D14F00D04B0A /* Assets.xcassets */ = {isa = PBXFileReference; lastKnownFileType = folder.assetcatalog; path = Assets.xcassets; sourceTree = "<group>"; };
		6BCE24292CC6D14F00D04B0A /* Base */ = {isa = PBXFileReference; lastKnownFileType = file.storyboard; name = Base; path = Base.lproj/LaunchScreen.storyboard; sourceTree = "<group>"; };
		6BCE242B2CC6D14F00D04B0A /* Info.plist */ = {isa = PBXFileReference; lastKnownFileType = text.plist.xml; path = Info.plist; sourceTree = "<group>"; };
		6BCE24332CC6D3A700D04B0A /* Font.swift */ = {isa = PBXFileReference; lastKnownFileType = sourcecode.swift; path = Font.swift; sourceTree = "<group>"; };
		6BCE24352CC6D3E600D04B0A /* Montserrat-Regular.ttf */ = {isa = PBXFileReference; lastKnownFileType = file; path = "Montserrat-Regular.ttf"; sourceTree = "<group>"; };
		6BCE24362CC6D3E700D04B0A /* Montserrat-Medium.ttf */ = {isa = PBXFileReference; lastKnownFileType = file; path = "Montserrat-Medium.ttf"; sourceTree = "<group>"; };
		6BCE24372CC6D3E700D04B0A /* Montserrat-SemiBold.ttf */ = {isa = PBXFileReference; lastKnownFileType = file; path = "Montserrat-SemiBold.ttf"; sourceTree = "<group>"; };
		6BCE24382CC6D3E700D04B0A /* Montserrat-Bold.ttf */ = {isa = PBXFileReference; lastKnownFileType = file; path = "Montserrat-Bold.ttf"; sourceTree = "<group>"; };
		6BCE24392CC6D3E700D04B0A /* Montserrat-ExtraBold.ttf */ = {isa = PBXFileReference; lastKnownFileType = file; path = "Montserrat-ExtraBold.ttf"; sourceTree = "<group>"; };
		6BCE243F2CC6D83300D04B0A /* ViewController.swift */ = {isa = PBXFileReference; lastKnownFileType = sourcecode.swift; path = ViewController.swift; sourceTree = "<group>"; };
/* End PBXFileReference section */

/* Begin PBXFrameworksBuildPhase section */
		6BCE24142CC6D14D00D04B0A /* Frameworks */ = {
			isa = PBXFrameworksBuildPhase;
			buildActionMask = 2147483647;
			files = (
			);
			runOnlyForDeploymentPostprocessing = 0;
		};
/* End PBXFrameworksBuildPhase section */

/* Begin PBXGroup section */
		6BCE240E2CC6D14D00D04B0A = {
			isa = PBXGroup;
			children = (
				6BCE24192CC6D14D00D04B0A /* Hookah_workers */,
				6BCE24182CC6D14D00D04B0A /* Products */,
			);
			sourceTree = "<group>";
		};
		6BCE24182CC6D14D00D04B0A /* Products */ = {
			isa = PBXGroup;
			children = (
				6BCE24172CC6D14D00D04B0A /* Hookah_workers.app */,
			);
			name = Products;
			sourceTree = "<group>";
		};
		6BCE24192CC6D14D00D04B0A /* Hookah_workers */ = {
			isa = PBXGroup;
			children = (
				6BCE24312CC6D36400D04B0A /* Extensions */,
				6BCE241A2CC6D14D00D04B0A /* AppDelegate.swift */,
				6BCE241C2CC6D14D00D04B0A /* SceneDelegate.swift */,
				6BCE241E2CC6D14D00D04B0A /* MenuViewController.swift */,
				6BCE24202CC6D14D00D04B0A /* Menu.storyboard */,
				6BCE24262CC6D14F00D04B0A /* Assets.xcassets */,
				6BCE24282CC6D14F00D04B0A /* LaunchScreen.storyboard */,
				6BCE242B2CC6D14F00D04B0A /* Info.plist */,
				6BCE24232CC6D14D00D04B0A /* Hookah_workers.xcdatamodeld */,
			);
			path = Hookah_workers;
			sourceTree = "<group>";
		};
		6BCE24312CC6D36400D04B0A /* Extensions */ = {
			isa = PBXGroup;
			children = (
				6BCE24322CC6D38500D04B0A /* Font */,
				6BCE243F2CC6D83300D04B0A /* ViewController.swift */,
			);
			path = Extensions;
			sourceTree = "<group>";
		};
		6BCE24322CC6D38500D04B0A /* Font */ = {
			isa = PBXGroup;
			children = (
				6BCE24332CC6D3A700D04B0A /* Font.swift */,
				6BCE24382CC6D3E700D04B0A /* Montserrat-Bold.ttf */,
				6BCE24392CC6D3E700D04B0A /* Montserrat-ExtraBold.ttf */,
				6BCE24362CC6D3E700D04B0A /* Montserrat-Medium.ttf */,
				6BCE24352CC6D3E600D04B0A /* Montserrat-Regular.ttf */,
				6BCE24372CC6D3E700D04B0A /* Montserrat-SemiBold.ttf */,
			);
			path = Font;
			sourceTree = "<group>";
		};
/* End PBXGroup section */

/* Begin PBXNativeTarget section */
		6BCE24162CC6D14D00D04B0A /* Hookah_workers */ = {
			isa = PBXNativeTarget;
			buildConfigurationList = 6BCE242E2CC6D14F00D04B0A /* Build configuration list for PBXNativeTarget "Hookah_workers" */;
			buildPhases = (
				6BCE24132CC6D14D00D04B0A /* Sources */,
				6BCE24142CC6D14D00D04B0A /* Frameworks */,
				6BCE24152CC6D14D00D04B0A /* Resources */,
			);
			buildRules = (
			);
			dependencies = (
			);
			name = Hookah_workers;
			productName = Hookah_workers;
			productReference = 6BCE24172CC6D14D00D04B0A /* Hookah_workers.app */;
			productType = "com.apple.product-type.application";
		};
/* End PBXNativeTarget section */

/* Begin PBXProject section */
		6BCE240F2CC6D14D00D04B0A /* Project object */ = {
			isa = PBXProject;
			attributes = {
				BuildIndependentTargetsInParallel = 1;
				LastSwiftUpdateCheck = 1540;
				LastUpgradeCheck = 1540;
				TargetAttributes = {
					6BCE24162CC6D14D00D04B0A = {
						CreatedOnToolsVersion = 15.4;
					};
				};
			};
			buildConfigurationList = 6BCE24122CC6D14D00D04B0A /* Build configuration list for PBXProject "Hookah_workers" */;
			compatibilityVersion = "Xcode 14.0";
			developmentRegion = en;
			hasScannedForEncodings = 0;
			knownRegions = (
				en,
				Base,
			);
			mainGroup = 6BCE240E2CC6D14D00D04B0A;
			productRefGroup = 6BCE24182CC6D14D00D04B0A /* Products */;
			projectDirPath = "";
			projectRoot = "";
			targets = (
				6BCE24162CC6D14D00D04B0A /* Hookah_workers */,
			);
		};
/* End PBXProject section */

/* Begin PBXResourcesBuildPhase section */
		6BCE24152CC6D14D00D04B0A /* Resources */ = {
			isa = PBXResourcesBuildPhase;
			buildActionMask = 2147483647;
			files = (
				6BCE243C2CC6D3E700D04B0A /* Montserrat-SemiBold.ttf in Resources */,
				6BCE243A2CC6D3E700D04B0A /* Montserrat-Regular.ttf in Resources */,
				6BCE243B2CC6D3E700D04B0A /* Montserrat-Medium.ttf in Resources */,
				6BCE24272CC6D14F00D04B0A /* Assets.xcassets in Resources */,
				6BCE242A2CC6D14F00D04B0A /* Base in Resources */,
				6BCE243E2CC6D3E700D04B0A /* Montserrat-ExtraBold.ttf in Resources */,
				6BCE24222CC6D14D00D04B0A /* Base in Resources */,
				6BCE243D2CC6D3E700D04B0A /* Montserrat-Bold.ttf in Resources */,
			);
			runOnlyForDeploymentPostprocessing = 0;
		};
/* End PBXResourcesBuildPhase section */

/* Begin PBXSourcesBuildPhase section */
		6BCE24132CC6D14D00D04B0A /* Sources */ = {
			isa = PBXSourcesBuildPhase;
			buildActionMask = 2147483647;
			files = (
				6BCE24402CC6D83300D04B0A /* ViewController.swift in Sources */,
				6BCE241F2CC6D14D00D04B0A /* MenuViewController.swift in Sources */,
				6BCE24252CC6D14D00D04B0A /* Hookah_workers.xcdatamodeld in Sources */,
				6BCE24342CC6D3A700D04B0A /* Font.swift in Sources */,
				6BCE241B2CC6D14D00D04B0A /* AppDelegate.swift in Sources */,
				6BCE241D2CC6D14D00D04B0A /* SceneDelegate.swift in Sources */,
			);
			runOnlyForDeploymentPostprocessing = 0;
		};
/* End PBXSourcesBuildPhase section */

/* Begin PBXVariantGroup section */
		6BCE24202CC6D14D00D04B0A /* Menu.storyboard */ = {
			isa = PBXVariantGroup;
			children = (
				6BCE24212CC6D14D00D04B0A /* Base */,
			);
			name = Menu.storyboard;
			sourceTree = "<group>";
		};
		6BCE24282CC6D14F00D04B0A /* LaunchScreen.storyboard */ = {
			isa = PBXVariantGroup;
			children = (
				6BCE24292CC6D14F00D04B0A /* Base */,
			);
			name = LaunchScreen.storyboard;
			sourceTree = "<group>";
		};
/* End PBXVariantGroup section */

/* Begin XCBuildConfiguration section */
		6BCE242C2CC6D14F00D04B0A /* Debug */ = {
			isa = XCBuildConfiguration;
			buildSettings = {
				ALWAYS_SEARCH_USER_PATHS = NO;
				ASSETCATALOG_COMPILER_GENERATE_SWIFT_ASSET_SYMBOL_EXTENSIONS = YES;
				CLANG_ANALYZER_NONNULL = YES;
				CLANG_ANALYZER_NUMBER_OBJECT_CONVERSION = YES_AGGRESSIVE;
				CLANG_CXX_LANGUAGE_STANDARD = "gnu++20";
				CLANG_ENABLE_MODULES = YES;
				CLANG_ENABLE_OBJC_ARC = YES;
				CLANG_ENABLE_OBJC_WEAK = YES;
				CLANG_WARN_BLOCK_CAPTURE_AUTORELEASING = YES;
				CLANG_WARN_BOOL_CONVERSION = YES;
				CLANG_WARN_COMMA = YES;
				CLANG_WARN_CONSTANT_CONVERSION = YES;
				CLANG_WARN_DEPRECATED_OBJC_IMPLEMENTATIONS = YES;
				CLANG_WARN_DIRECT_OBJC_ISA_USAGE = YES_ERROR;
				CLANG_WARN_DOCUMENTATION_COMMENTS = YES;
				CLANG_WARN_EMPTY_BODY = YES;
				CLANG_WARN_ENUM_CONVERSION = YES;
				CLANG_WARN_INFINITE_RECURSION = YES;
				CLANG_WARN_INT_CONVERSION = YES;
				CLANG_WARN_NON_LITERAL_NULL_CONVERSION = YES;
				CLANG_WARN_OBJC_IMPLICIT_RETAIN_SELF = YES;
				CLANG_WARN_OBJC_LITERAL_CONVERSION = YES;
				CLANG_WARN_OBJC_ROOT_CLASS = YES_ERROR;
				CLANG_WARN_QUOTED_INCLUDE_IN_FRAMEWORK_HEADER = YES;
				CLANG_WARN_RANGE_LOOP_ANALYSIS = YES;
				CLANG_WARN_STRICT_PROTOTYPES = YES;
				CLANG_WARN_SUSPICIOUS_MOVE = YES;
				CLANG_WARN_UNGUARDED_AVAILABILITY = YES_AGGRESSIVE;
				CLANG_WARN_UNREACHABLE_CODE = YES;
				CLANG_WARN__DUPLICATE_METHOD_MATCH = YES;
				COPY_PHASE_STRIP = NO;
				DEBUG_INFORMATION_FORMAT = dwarf;
				ENABLE_STRICT_OBJC_MSGSEND = YES;
				ENABLE_TESTABILITY = YES;
				ENABLE_USER_SCRIPT_SANDBOXING = YES;
				GCC_C_LANGUAGE_STANDARD = gnu17;
				GCC_DYNAMIC_NO_PIC = NO;
				GCC_NO_COMMON_BLOCKS = YES;
				GCC_OPTIMIZATION_LEVEL = 0;
				GCC_PREPROCESSOR_DEFINITIONS = (
					"DEBUG=1",
					"$(inherited)",
				);
				GCC_WARN_64_TO_32_BIT_CONVERSION = YES;
				GCC_WARN_ABOUT_RETURN_TYPE = YES_ERROR;
				GCC_WARN_UNDECLARED_SELECTOR = YES;
				GCC_WARN_UNINITIALIZED_AUTOS = YES_AGGRESSIVE;
				GCC_WARN_UNUSED_FUNCTION = YES;
				GCC_WARN_UNUSED_VARIABLE = YES;
				IPHONEOS_DEPLOYMENT_TARGET = 15.0;
				LOCALIZATION_PREFERS_STRING_CATALOGS = YES;
				MTL_ENABLE_DEBUG_INFO = INCLUDE_SOURCE;
				MTL_FAST_MATH = YES;
				ONLY_ACTIVE_ARCH = YES;
				SDKROOT = iphoneos;
				SWIFT_ACTIVE_COMPILATION_CONDITIONS = "DEBUG $(inherited)";
				SWIFT_OPTIMIZATION_LEVEL = "-Onone";
			};
			name = Debug;
		};
		6BCE242D2CC6D14F00D04B0A /* Release */ = {
			isa = XCBuildConfiguration;
			buildSettings = {
				ALWAYS_SEARCH_USER_PATHS = NO;
				ASSETCATALOG_COMPILER_GENERATE_SWIFT_ASSET_SYMBOL_EXTENSIONS = YES;
				CLANG_ANALYZER_NONNULL = YES;
				CLANG_ANALYZER_NUMBER_OBJECT_CONVERSION = YES_AGGRESSIVE;
				CLANG_CXX_LANGUAGE_STANDARD = "gnu++20";
				CLANG_ENABLE_MODULES = YES;
				CLANG_ENABLE_OBJC_ARC = YES;
				CLANG_ENABLE_OBJC_WEAK = YES;
				CLANG_WARN_BLOCK_CAPTURE_AUTORELEASING = YES;
				CLANG_WARN_BOOL_CONVERSION = YES;
				CLANG_WARN_COMMA = YES;
				CLANG_WARN_CONSTANT_CONVERSION = YES;
				CLANG_WARN_DEPRECATED_OBJC_IMPLEMENTATIONS = YES;
				CLANG_WARN_DIRECT_OBJC_ISA_USAGE = YES_ERROR;
				CLANG_WARN_DOCUMENTATION_COMMENTS = YES;
				CLANG_WARN_EMPTY_BODY = YES;
				CLANG_WARN_ENUM_CONVERSION = YES;
				CLANG_WARN_INFINITE_RECURSION = YES;
				CLANG_WARN_INT_CONVERSION = YES;
				CLANG_WARN_NON_LITERAL_NULL_CONVERSION = YES;
				CLANG_WARN_OBJC_IMPLICIT_RETAIN_SELF = YES;
				CLANG_WARN_OBJC_LITERAL_CONVERSION = YES;
				CLANG_WARN_OBJC_ROOT_CLASS = YES_ERROR;
				CLANG_WARN_QUOTED_INCLUDE_IN_FRAMEWORK_HEADER = YES;
				CLANG_WARN_RANGE_LOOP_ANALYSIS = YES;
				CLANG_WARN_STRICT_PROTOTYPES = YES;
				CLANG_WARN_SUSPICIOUS_MOVE = YES;
				CLANG_WARN_UNGUARDED_AVAILABILITY = YES_AGGRESSIVE;
				CLANG_WARN_UNREACHABLE_CODE = YES;
				CLANG_WARN__DUPLICATE_METHOD_MATCH = YES;
				COPY_PHASE_STRIP = NO;
				DEBUG_INFORMATION_FORMAT = "dwarf-with-dsym";
				ENABLE_NS_ASSERTIONS = NO;
				ENABLE_STRICT_OBJC_MSGSEND = YES;
				ENABLE_USER_SCRIPT_SANDBOXING = YES;
				GCC_C_LANGUAGE_STANDARD = gnu17;
				GCC_NO_COMMON_BLOCKS = YES;
				GCC_WARN_64_TO_32_BIT_CONVERSION = YES;
				GCC_WARN_ABOUT_RETURN_TYPE = YES_ERROR;
				GCC_WARN_UNDECLARED_SELECTOR = YES;
				GCC_WARN_UNINITIALIZED_AUTOS = YES_AGGRESSIVE;
				GCC_WARN_UNUSED_FUNCTION = YES;
				GCC_WARN_UNUSED_VARIABLE = YES;
				IPHONEOS_DEPLOYMENT_TARGET = 15.0;
				LOCALIZATION_PREFERS_STRING_CATALOGS = YES;
				MTL_ENABLE_DEBUG_INFO = NO;
				MTL_FAST_MATH = YES;
				SDKROOT = iphoneos;
				SWIFT_COMPILATION_MODE = wholemodule;
				VALIDATE_PRODUCT = YES;
			};
			name = Release;
		};
		6BCE242F2CC6D14F00D04B0A /* Debug */ = {
			isa = XCBuildConfiguration;
			buildSettings = {
				ASSETCATALOG_COMPILER_APPICON_NAME = AppIcon;
				ASSETCATALOG_COMPILER_GLOBAL_ACCENT_COLOR_NAME = AccentColor;
				CODE_SIGN_STYLE = Automatic;
				CURRENT_PROJECT_VERSION = 1;
				DEVELOPMENT_TEAM = 9YUSQBCAX9;
				GENERATE_INFOPLIST_FILE = YES;
				INFOPLIST_FILE = Hookah_workers/Info.plist;
				INFOPLIST_KEY_UIApplicationSupportsIndirectInputEvents = YES;
				INFOPLIST_KEY_UILaunchStoryboardName = LaunchScreen;
				INFOPLIST_KEY_UIMainStoryboardFile = Menu;
				INFOPLIST_KEY_UISupportedInterfaceOrientations = UIInterfaceOrientationPortrait;
				LD_RUNPATH_SEARCH_PATHS = (
					"$(inherited)",
					"@executable_path/Frameworks",
				);
				MARKETING_VERSION = 1.0;
				PRODUCT_BUNDLE_IDENTIFIER = "Karen.Hookah-workers";
				PRODUCT_NAME = "$(TARGET_NAME)";
				SWIFT_EMIT_LOC_STRINGS = YES;
				SWIFT_VERSION = 5.0;
				TARGETED_DEVICE_FAMILY = "1,2";
			};
			name = Debug;
		};
		6BCE24302CC6D14F00D04B0A /* Release */ = {
			isa = XCBuildConfiguration;
			buildSettings = {
				ASSETCATALOG_COMPILER_APPICON_NAME = AppIcon;
				ASSETCATALOG_COMPILER_GLOBAL_ACCENT_COLOR_NAME = AccentColor;
				CODE_SIGN_STYLE = Automatic;
				CURRENT_PROJECT_VERSION = 1;
				DEVELOPMENT_TEAM = 9YUSQBCAX9;
				GENERATE_INFOPLIST_FILE = YES;
				INFOPLIST_FILE = Hookah_workers/Info.plist;
				INFOPLIST_KEY_UIApplicationSupportsIndirectInputEvents = YES;
				INFOPLIST_KEY_UILaunchStoryboardName = LaunchScreen;
				INFOPLIST_KEY_UIMainStoryboardFile = Menu;
				INFOPLIST_KEY_UISupportedInterfaceOrientations = UIInterfaceOrientationPortrait;
				LD_RUNPATH_SEARCH_PATHS = (
					"$(inherited)",
					"@executable_path/Frameworks",
				);
				MARKETING_VERSION = 1.0;
				PRODUCT_BUNDLE_IDENTIFIER = "Karen.Hookah-workers";
				PRODUCT_NAME = "$(TARGET_NAME)";
				SWIFT_EMIT_LOC_STRINGS = YES;
				SWIFT_VERSION = 5.0;
				TARGETED_DEVICE_FAMILY = "1,2";
			};
			name = Release;
		};
/* End XCBuildConfiguration section */

/* Begin XCConfigurationList section */
		6BCE24122CC6D14D00D04B0A /* Build configuration list for PBXProject "Hookah_workers" */ = {
			isa = XCConfigurationList;
			buildConfigurations = (
				6BCE242C2CC6D14F00D04B0A /* Debug */,
				6BCE242D2CC6D14F00D04B0A /* Release */,
			);
			defaultConfigurationIsVisible = 0;
			defaultConfigurationName = Release;
		};
		6BCE242E2CC6D14F00D04B0A /* Build configuration list for PBXNativeTarget "Hookah_workers" */ = {
			isa = XCConfigurationList;
			buildConfigurations = (
				6BCE242F2CC6D14F00D04B0A /* Debug */,
				6BCE24302CC6D14F00D04B0A /* Release */,
			);
			defaultConfigurationIsVisible = 0;
			defaultConfigurationName = Release;
		};
/* End XCConfigurationList section */

/* Begin XCVersionGroup section */
		6BCE24232CC6D14D00D04B0A /* Hookah_workers.xcdatamodeld */ = {
			isa = XCVersionGroup;
			children = (
				6BCE24242CC6D14D00D04B0A /* Hookah_workers.xcdatamodel */,
			);
			currentVersion = 6BCE24242CC6D14D00D04B0A /* Hookah_workers.xcdatamodel */;
			path = Hookah_workers.xcdatamodeld;
			sourceTree = "<group>";
			versionGroupType = wrapper.xcdatamodel;
		};
/* End XCVersionGroup section */
	};
	rootObject = 6BCE240F2CC6D14D00D04B0A /* Project object */;
}
